
Microsoft Visual Studio Solution File, Format Version 12.00
Project("{FAE04EC0-301F-11D3-BF4B-00C04F79EFBC}") = "ClassLibrary6", "ClassLibrary6\ClassLibrary6.csproj", "{AEE5A53C-F07F-4FC0-9D0B-7B18FC0D28EC}"
EndProject
Project("{FAE04EC0-301F-11D3-BF4B-00C04F79EFBC}") = "Bridge2025", "Bridge2025\Bridge2025.csproj", "{27165AC7-FCEE-43D2-95E3-05D5B5F2784F}"
EndProject
Project("{FAE04EC0-301F-11D3-BF4B-00C04F79EFBC}") = "CarUnitTest", "CarUnitTest\CarUnitTest.csproj", "{8A791B45-39E3-40B0-9F3F-91DE67922D18}"
EndProject
Project("{FAE04EC0-301F-11D3-BF4B-00C04F79EFBC}") = "MCUnitTest", "MCUnitTest\MCUnitTest.csproj", "{C962C18B-8403-463F-8B36-B7F2F486A872}"
EndProject
Project("{FAE04EC0-301F-11D3-BF4B-00C04F79EFBC}") = "VehicleUnitTest", "VehicleUnitTest\VehicleUnitTest.csproj", "{02CE7AF6-DA4E-475F-9E2D-B957E2EE13E7}"
EndProject
Project("{FAE04EC0-301F-11D3-BF4B-00C04F79EFBC}") = "StorebæltTicketLibrary", "StorebæltTicketLibrary\StorebæltTicketLibrary.csproj", "{53DAE175-1578-4779-93E9-8D3C578CF0D7}"
EndProject
Project("{FAE04EC0-301F-11D3-BF4B-00C04F79EFBC}") = "OresundTicketLibrary", "OresundTicketLibrary\OresundTicketLibrary.csproj", "{C3668DAE-E9C2-4760-A453-FF86E041A28B}"
EndProject
Project("{FAE04EC0-301F-11D3-BF4B-00C04F79EFBC}") = "OresundTicketLibraryTest", "OresundTicketLibraryTest\OresundTicketLibraryTest.csproj", "{71686D88-38A5-476E-B7EE-D2C90C46AE04}"
EndProject
Project("{FAE04EC0-301F-11D3-BF4B-00C04F79EFBC}") = "TicketLibrarytest", "TicketLibrarytest\TicketLibrarytest.csproj", "{C30B970C-8B0B-4C49-8867-EB3EC9ABD5A6}"
EndProject
Global
	GlobalSection(SolutionConfigurationPlatforms) = preSolution
		Debug|Any CPU = Debug|Any CPU
		Debug|x64 = Debug|x64
		Debug|x86 = Debug|x86
		Release|Any CPU = Release|Any CPU
		Release|x64 = Release|x64
		Release|x86 = Release|x86
	EndGlobalSection
	GlobalSection(ProjectConfigurationPlatforms) = postSolution
		{AEE5A53C-F07F-4FC0-9D0B-7B18FC0D28EC}.Debug|Any CPU.ActiveCfg = Debug|Any CPU
		{AEE5A53C-F07F-4FC0-9D0B-7B18FC0D28EC}.Debug|Any CPU.Build.0 = Debug|Any CPU
		{AEE5A53C-F07F-4FC0-9D0B-7B18FC0D28EC}.Debug|x64.ActiveCfg = Debug|Any CPU
		{AEE5A53C-F07F-4FC0-9D0B-7B18FC0D28EC}.Debug|x64.Build.0 = Debug|Any CPU
		{AEE5A53C-F07F-4FC0-9D0B-7B18FC0D28EC}.Debug|x86.ActiveCfg = Debug|Any CPU
		{AEE5A53C-F07F-4FC0-9D0B-7B18FC0D28EC}.Debug|x86.Build.0 = Debug|Any CPU
		{AEE5A53C-F07F-4FC0-9D0B-7B18FC0D28EC}.Release|Any CPU.ActiveCfg = Release|Any CPU
		{AEE5A53C-F07F-4FC0-9D0B-7B18FC0D28EC}.Release|Any CPU.Build.0 = Release|Any CPU
		{AEE5A53C-F07F-4FC0-9D0B-7B18FC0D28EC}.Release|x64.ActiveCfg = Release|Any CPU
		{AEE5A53C-F07F-4FC0-9D0B-7B18FC0D28EC}.Release|x64.Build.0 = Release|Any CPU
		{AEE5A53C-F07F-4FC0-9D0B-7B18FC0D28EC}.Release|x86.ActiveCfg = Release|Any CPU
		{AEE5A53C-F07F-4FC0-9D0B-7B18FC0D28EC}.Release|x86.Build.0 = Release|Any CPU
		{27165AC7-FCEE-43D2-95E3-05D5B5F2784F}.Debug|Any CPU.ActiveCfg = Debug|Any CPU
		{27165AC7-FCEE-43D2-95E3-05D5B5F2784F}.Debug|Any CPU.Build.0 = Debug|Any CPU
		{27165AC7-FCEE-43D2-95E3-05D5B5F2784F}.Debug|x64.ActiveCfg = Debug|Any CPU
		{27165AC7-FCEE-43D2-95E3-05D5B5F2784F}.Debug|x64.Build.0 = Debug|Any CPU
		{27165AC7-FCEE-43D2-95E3-05D5B5F2784F}.Debug|x86.ActiveCfg = Debug|Any CPU
		{27165AC7-FCEE-43D2-95E3-05D5B5F2784F}.Debug|x86.Build.0 = Debug|Any CPU
		{27165AC7-FCEE-43D2-95E3-05D5B5F2784F}.Release|Any CPU.ActiveCfg = Release|Any CPU
		{27165AC7-FCEE-43D2-95E3-05D5B5F2784F}.Release|Any CPU.Build.0 = Release|Any CPU
		{27165AC7-FCEE-43D2-95E3-05D5B5F2784F}.Release|x64.ActiveCfg = Release|Any CPU
		{27165AC7-FCEE-43D2-95E3-05D5B5F2784F}.Release|x64.Build.0 = Release|Any CPU
		{27165AC7-FCEE-43D2-95E3-05D5B5F2784F}.Release|x86.ActiveCfg = Release|Any CPU
		{27165AC7-FCEE-43D2-95E3-05D5B5F2784F}.Release|x86.Build.0 = Release|Any CPU
		{8A791B45-39E3-40B0-9F3F-91DE67922D18}.Debug|Any CPU.ActiveCfg = Debug|Any CPU
		{8A791B45-39E3-40B0-9F3F-91DE67922D18}.Debug|Any CPU.Build.0 = Debug|Any CPU
		{8A791B45-39E3-40B0-9F3F-91DE67922D18}.Debug|x64.ActiveCfg = Debug|Any CPU
		{8A791B45-39E3-40B0-9F3F-91DE67922D18}.Debug|x64.Build.0 = Debug|Any CPU
		{8A791B45-39E3-40B0-9F3F-91DE67922D18}.Debug|x86.ActiveCfg = Debug|Any CPU
		{8A791B45-39E3-40B0-9F3F-91DE67922D18}.Debug|x86.Build.0 = Debug|Any CPU
		{8A791B45-39E3-40B0-9F3F-91DE67922D18}.Release|Any CPU.ActiveCfg = Release|Any CPU
		{8A791B45-39E3-40B0-9F3F-91DE67922D18}.Release|Any CPU.Build.0 = Release|Any CPU
		{8A791B45-39E3-40B0-9F3F-91DE67922D18}.Release|x64.ActiveCfg = Release|Any CPU
		{8A791B45-39E3-40B0-9F3F-91DE67922D18}.Release|x64.Build.0 = Release|Any CPU
		{8A791B45-39E3-40B0-9F3F-91DE67922D18}.Release|x86.ActiveCfg = Release|Any CPU
		{8A791B45-39E3-40B0-9F3F-91DE67922D18}.Release|x86.Build.0 = Release|Any CPU
		{C962C18B-8403-463F-8B36-B7F2F486A872}.Debug|Any CPU.ActiveCfg = Debug|Any CPU
		{C962C18B-8403-463F-8B36-B7F2F486A872}.Debug|Any CPU.Build.0 = Debug|Any CPU
		{C962C18B-8403-463F-8B36-B7F2F486A872}.Debug|x64.ActiveCfg = Debug|Any CPU
		{C962C18B-8403-463F-8B36-B7F2F486A872}.Debug|x64.Build.0 = Debug|Any CPU
		{C962C18B-8403-463F-8B36-B7F2F486A872}.Debug|x86.ActiveCfg = Debug|Any CPU
		{C962C18B-8403-463F-8B36-B7F2F486A872}.Debug|x86.Build.0 = Debug|Any CPU
		{C962C18B-8403-463F-8B36-B7F2F486A872}.Release|Any CPU.ActiveCfg = Release|Any CPU
		{C962C18B-8403-463F-8B36-B7F2F486A872}.Release|Any CPU.Build.0 = Release|Any CPU
		{C962C18B-8403-463F-8B36-B7F2F486A872}.Release|x64.ActiveCfg = Release|Any CPU
		{C962C18B-8403-463F-8B36-B7F2F486A872}.Release|x64.Build.0 = Release|Any CPU
		{C962C18B-8403-463F-8B36-B7F2F486A872}.Release|x86.ActiveCfg = Release|Any CPU
		{C962C18B-8403-463F-8B36-B7F2F486A872}.Release|x86.Build.0 = Release|Any CPU
		{02CE7AF6-DA4E-475F-9E2D-B957E2EE13E7}.Debug|Any CPU.ActiveCfg = Debug|Any CPU
		{02CE7AF6-DA4E-475F-9E2D-B957E2EE13E7}.Debug|Any CPU.Build.0 = Debug|Any CPU
		{02CE7AF6-DA4E-475F-9E2D-B957E2EE13E7}.Debug|x64.ActiveCfg = Debug|Any CPU
		{02CE7AF6-DA4E-475F-9E2D-B957E2EE13E7}.Debug|x64.Build.0 = Debug|Any CPU
		{02CE7AF6-DA4E-475F-9E2D-B957E2EE13E7}.Debug|x86.ActiveCfg = Debug|Any CPU
		{02CE7AF6-DA4E-475F-9E2D-B957E2EE13E7}.Debug|x86.Build.0 = Debug|Any CPU
		{02CE7AF6-DA4E-475F-9E2D-B957E2EE13E7}.Release|Any CPU.ActiveCfg = Release|Any CPU
		{02CE7AF6-DA4E-475F-9E2D-B957E2EE13E7}.Release|Any CPU.Build.0 = Release|Any CPU
		{02CE7AF6-DA4E-475F-9E2D-B957E2EE13E7}.Release|x64.ActiveCfg = Release|Any CPU
		{02CE7AF6-DA4E-475F-9E2D-B957E2EE13E7}.Release|x64.Build.0 = Release|Any CPU
		{02CE7AF6-DA4E-475F-9E2D-B957E2EE13E7}.Release|x86.ActiveCfg = Release|Any CPU
		{02CE7AF6-DA4E-475F-9E2D-B957E2EE13E7}.Release|x86.Build.0 = Release|Any CPU
		{53DAE175-1578-4779-93E9-8D3C578CF0D7}.Debug|Any CPU.ActiveCfg = Debug|Any CPU
		{53DAE175-1578-4779-93E9-8D3C578CF0D7}.Debug|Any CPU.Build.0 = Debug|Any CPU
		{53DAE175-1578-4779-93E9-8D3C578CF0D7}.Debug|x64.ActiveCfg = Debug|Any CPU
		{53DAE175-1578-4779-93E9-8D3C578CF0D7}.Debug|x64.Build.0 = Debug|Any CPU
		{53DAE175-1578-4779-93E9-8D3C578CF0D7}.Debug|x86.ActiveCfg = Debug|Any CPU
		{53DAE175-1578-4779-93E9-8D3C578CF0D7}.Debug|x86.Build.0 = Debug|Any CPU
		{53DAE175-1578-4779-93E9-8D3C578CF0D7}.Release|Any CPU.ActiveCfg = Release|Any CPU
		{53DAE175-1578-4779-93E9-8D3C578CF0D7}.Release|Any CPU.Build.0 = Release|Any CPU
		{53DAE175-1578-4779-93E9-8D3C578CF0D7}.Release|x64.ActiveCfg = Release|Any CPU
		{53DAE175-1578-4779-93E9-8D3C578CF0D7}.Release|x64.Build.0 = Release|Any CPU
		{53DAE175-1578-4779-93E9-8D3C578CF0D7}.Release|x86.ActiveCfg = Release|Any CPU
		{53DAE175-1578-4779-93E9-8D3C578CF0D7}.Release|x86.Build.0 = Release|Any CPU
		{C3668DAE-E9C2-4760-A453-FF86E041A28B}.Debug|Any CPU.ActiveCfg = Debug|Any CPU
		{C3668DAE-E9C2-4760-A453-FF86E041A28B}.Debug|Any CPU.Build.0 = Debug|Any CPU
		{C3668DAE-E9C2-4760-A453-FF86E041A28B}.Debug|x64.ActiveCfg = Debug|Any CPU
		{C3668DAE-E9C2-4760-A453-FF86E041A28B}.Debug|x64.Build.0 = Debug|Any CPU
		{C3668DAE-E9C2-4760-A453-FF86E041A28B}.Debug|x86.ActiveCfg = Debug|Any CPU
		{C3668DAE-E9C2-4760-A453-FF86E041A28B}.Debug|x86.Build.0 = Debug|Any CPU
		{C3668DAE-E9C2-4760-A453-FF86E041A28B}.Release|Any CPU.ActiveCfg = Release|Any CPU
		{C3668DAE-E9C2-4760-A453-FF86E041A28B}.Release|Any CPU.Build.0 = Release|Any CPU
		{C3668DAE-E9C2-4760-A453-FF86E041A28B}.Release|x64.ActiveCfg = Release|Any CPU
		{C3668DAE-E9C2-4760-A453-FF86E041A28B}.Release|x64.Build.0 = Release|Any CPU
		{C3668DAE-E9C2-4760-A453-FF86E041A28B}.Release|x86.ActiveCfg = Release|Any CPU
		{C3668DAE-E9C2-4760-A453-FF86E041A28B}.Release|x86.Build.0 = Release|Any CPU
		{71686D88-38A5-476E-B7EE-D2C90C46AE04}.Debug|Any CPU.ActiveCfg = Debug|Any CPU
		{71686D88-38A5-476E-B7EE-D2C90C46AE04}.Debug|Any CPU.Build.0 = Debug|Any CPU
		{71686D88-38A5-476E-B7EE-D2C90C46AE04}.Debug|x64.ActiveCfg = Debug|Any CPU
		{71686D88-38A5-476E-B7EE-D2C90C46AE04}.Debug|x64.Build.0 = Debug|Any CPU
		{71686D88-38A5-476E-B7EE-D2C90C46AE04}.Debug|x86.ActiveCfg = Debug|Any CPU
		{71686D88-38A5-476E-B7EE-D2C90C46AE04}.Debug|x86.Build.0 = Debug|Any CPU
		{71686D88-38A5-476E-B7EE-D2C90C46AE04}.Release|Any CPU.ActiveCfg = Release|Any CPU
		{71686D88-38A5-476E-B7EE-D2C90C46AE04}.Release|Any CPU.Build.0 = Release|Any CPU
		{71686D88-38A5-476E-B7EE-D2C90C46AE04}.Release|x64.ActiveCfg = Release|Any CPU
		{71686D88-38A5-476E-B7EE-D2C90C46AE04}.Release|x64.Build.0 = Release|Any CPU
		{71686D88-38A5-476E-B7EE-D2C90C46AE04}.Release|x86.ActiveCfg = Release|Any CPU
		{71686D88-38A5-476E-B7EE-D2C90C46AE04}.Release|x86.Build.0 = Release|Any CPU
		{C30B970C-8B0B-4C49-8867-EB3EC9ABD5A6}.Debug|Any CPU.ActiveCfg = Debug|Any CPU
		{C30B970C-8B0B-4C49-8867-EB3EC9ABD5A6}.Debug|Any CPU.Build.0 = Debug|Any CPU
		{C30B970C-8B0B-4C49-8867-EB3EC9ABD5A6}.Debug|x64.ActiveCfg = Debug|Any CPU
		{C30B970C-8B0B-4C49-8867-EB3EC9ABD5A6}.Debug|x64.Build.0 = Debug|Any CPU
		{C30B970C-8B0B-4C49-8867-EB3EC9ABD5A6}.Debug|x86.ActiveCfg = Debug|Any CPU
		{C30B970C-8B0B-4C49-8867-EB3EC9ABD5A6}.Debug|x86.Build.0 = Debug|Any CPU
		{C30B970C-8B0B-4C49-8867-EB3EC9ABD5A6}.Release|Any CPU.ActiveCfg = Release|Any CPU
		{C30B970C-8B0B-4C49-8867-EB3EC9ABD5A6}.Release|Any CPU.Build.0 = Release|Any CPU
		{C30B970C-8B0B-4C49-8867-EB3EC9ABD5A6}.Release|x64.ActiveCfg = Release|Any CPU
		{C30B970C-8B0B-4C49-8867-EB3EC9ABD5A6}.Release|x64.Build.0 = Release|Any CPU
		{C30B970C-8B0B-4C49-8867-EB3EC9ABD5A6}.Release|x86.ActiveCfg = Release|Any CPU
		{C30B970C-8B0B-4C49-8867-EB3EC9ABD5A6}.Release|x86.Build.0 = Release|Any CPU
	EndGlobalSection
	GlobalSection(SolutionProperties) = preSolution
		HideSolutionNode = FALSE
	EndGlobalSection
EndGlobal
